{
  "pins" : [
    {
      "identity" : "ifixfloat",
      "kind" : "remoteSourceControl",
      "location" : "https://github.com/iShape-Swift/iFixFloat",
      "state" : {
        "revision" : "76fd8341f90d5cafabd7c014c0c3865dd16a1377",
        "version" : "1.2.0"
      }
    },
    {
      "identity" : "ioverlay",
      "kind" : "remoteSourceControl",
      "location" : "https://github.com/iShape-Swift/iOverlay",
      "state" : {
        "revision" : "9a6a6d6136b3aa9e6086bda17643a0d653a0e7e9",
        "version" : "1.5.0"
      }
    },
    {
      "identity" : "ishape",
      "kind" : "remoteSourceControl",
      "location" : "https://github.com/iShape-Swift/iShape",
      "state" : {
        "revision" : "19e884d37cf7b4192394585378608f9a2a26ed02",
        "version" : "1.3.0"
      }
    }
  ],
  "version" : 2
}
