{
  "pins" : [
    {
      "identity" : "ifixfloat",
      "kind" : "remoteSourceControl",
      "location" : "https://github.com/iShape-Swift/iFixFloat",
      "state" : {
        "revision" : "c4e767ba81c5b2820ac9d24b3a5a8b0178fd1bd2",
        "version" : "1.1.0"
      }
    },
    {
      "identity" : "ioverlay",
      "kind" : "remoteSourceControl",
      "location" : "https://github.com/iShape-Swift/iOverlay",
      "state" : {
        "revision" : "26be8b539c4d82344be347a08182e6a77c30a185",
        "version" : "1.3.0"
      }
    },
    {
      "identity" : "ishape",
      "kind" : "remoteSourceControl",
      "location" : "https://github.com/iShape-Swift/iShape",
      "state" : {
        "revision" : "fd45fadffd5c190e1217b45e5a2f926ee4e9af0f",
        "version" : "1.2.0"
      }
    }
  ],
  "version" : 2
}
